{
  "version": "4",
  "specifiers": {
    "npm:@langchain/community@*": "0.3.41_@browserbasehq+stagehand@1.14.0__@playwright+test@1.52.0__deepmerge@4.3.1__dotenv@16.5.0__openai@4.96.0___zod@3.24.3___ws@8.18.1__zod@3.24.3__ws@8.18.1_@ibm-cloud+watsonx-ai@1.6.4__@langchain+core@0.3.47___openai@4.96.0____zod@3.24.3____ws@8.18.1___zod@3.24.3__openai@4.96.0___zod@3.24.3___ws@8.18.1_@langchain+core@0.3.47__openai@4.96.0___zod@3.24.3___ws@8.18.1__zod@3.24.3_ibm-cloud-sdk-core@5.3.2__axios@1.8.4_openai@4.96.0__zod@3.24.3__ws@8.18.1_pg@8.15.5_zod@3.24.3_mongodb@6.16.0",
    "npm:@langchain/core@*": "0.3.47_zod@3.24.3",
    "npm:@langchain/openai@*": "0.5.6_@langchain+core@0.3.47__openai@4.96.0___zod@3.24.3___ws@8.18.1__zod@3.24.3_zod@3.24.3_openai@4.96.0__zod@3.24.3__ws@8.18.1",
    "npm:langchain@*": "0.3.24_@langchain+core@0.3.47__zod@3.24.3_zod@3.24.3",
    "npm:mongodb@*": "6.16.0",
    "npm:pg@*": "8.15.5"
  },
  "npm": {
    "@anthropic-ai/sdk@0.27.3": {
      "integrity": "sha512-IjLt0gd3L4jlOfilxVXTifn42FnVffMgDC04RJK1KDZpmkBWLv0XC92MVVmkxrFZNS/7l3xWgP/I3nqtX1sQHw==",
      "dependencies": [
        "@types/node-fetch",
        "@types/node@18.19.86",
        "abort-controller",
        "agentkeepalive",
        "form-data-encoder",
        "formdata-node",
        "node-fetch"
      ]
    },
    "@browserbasehq/sdk@2.5.0": {
      "integrity": "sha512-bcnbYZvm5Ht1nrHUfWDK4crspiTy1ESJYMApsMiOTUnlKOan0ocRD6m7hZH34iSC2c2XWsoryR80cwsYgCBWzQ==",
      "dependencies": [
        "@types/node-fetch",
        "@types/node@18.19.86",
        "abort-controller",
        "agentkeepalive",
        "form-data-encoder",
        "formdata-node",
        "node-fetch"
      ]
    },
    "@browserbasehq/stagehand@1.14.0_@playwright+test@1.52.0_deepmerge@4.3.1_dotenv@16.5.0_openai@4.96.0__zod@3.24.3__ws@8.18.1_zod@3.24.3_ws@8.18.1": {
      "integrity": "sha512-Hi/EzgMFWz+FKyepxHTrqfTPjpsuBS4zRy3e9sbMpBgLPv+9c0R+YZEvS7Bw4mTS66QtvvURRT6zgDGFotthVQ==",
      "dependencies": [
        "@anthropic-ai/sdk",
        "@browserbasehq/sdk",
        "@playwright/test",
        "deepmerge",
        "dotenv",
        "openai@4.96.0_ws@8.18.1_zod@3.24.3",
        "ws",
        "zod",
        "zod-to-json-schema"
      ]
    },
    "@cfworker/json-schema@4.1.1": {
      "integrity": "sha512-gAmrUZSGtKc3AiBL71iNWxDsyUC5uMaKKGdvzYsBoTW/xi42JQHl7eKV2OYzCUqvc+D2RCcf7EXY2iCyFIk6og=="
    },
    "@ibm-cloud/watsonx-ai@1.6.4_@langchain+core@0.3.47__openai@4.96.0___zod@3.24.3___ws@8.18.1__zod@3.24.3_openai@4.96.0__zod@3.24.3__ws@8.18.1": {
      "integrity": "sha512-u0fmXagywjLAd3apZTV6kRQAHjWl3bNKv5422mQJsM/MZB5YPjx28tjEbpoORh15RuWjYyO/wHZACRWBBkNhbQ==",
      "dependencies": [
        "@langchain/textsplitters@0.1.0_@langchain+core@0.3.47__openai@4.96.0___zod@3.24.3___ws@8.18.1__zod@3.24.3_openai@4.96.0__zod@3.24.3__ws@8.18.1",
        "@types/node@18.19.86",
        "extend",
        "ibm-cloud-sdk-core"
      ]
    },
    "@langchain/community@0.3.41_@browserbasehq+stagehand@1.14.0__@playwright+test@1.52.0__deepmerge@4.3.1__dotenv@16.5.0__openai@4.96.0___zod@3.24.3___ws@8.18.1__zod@3.24.3__ws@8.18.1_@ibm-cloud+watsonx-ai@1.6.4__@langchain+core@0.3.47___openai@4.96.0____zod@3.24.3____ws@8.18.1___zod@3.24.3__openai@4.96.0___zod@3.24.3___ws@8.18.1_@langchain+core@0.3.47__openai@4.96.0___zod@3.24.3___ws@8.18.1__zod@3.24.3_ibm-cloud-sdk-core@5.3.2__axios@1.8.4_openai@4.96.0__zod@3.24.3__ws@8.18.1_pg@8.15.5_zod@3.24.3": {
      "integrity": "sha512-i/DQ4bkKW+0W+zFy8ZrH7gRiag3KZuZU15pFXYom7wdZ8zcHJZZh2wi43hiBEWt8asx8Osyx4EhYO5SNp9ewkg==",
      "dependencies": [
        "@browserbasehq/stagehand",
        "@ibm-cloud/watsonx-ai",
        "@langchain/core@0.3.47_openai@4.96.0__zod@3.24.3__ws@8.18.1_zod@3.24.3",
        "@langchain/openai@0.5.6_@langchain+core@0.3.47__openai@4.96.0___zod@3.24.3___ws@8.18.1__zod@3.24.3_zod@3.24.3_openai@4.96.0__ws@8.18.1__zod@3.24.3",
        "binary-extensions",
        "expr-eval",
        "flat",
        "ibm-cloud-sdk-core",
        "js-yaml",
        "langchain@0.3.24_@langchain+core@0.3.47__openai@4.96.0___zod@3.24.3___ws@8.18.1__zod@3.24.3_openai@4.96.0__zod@3.24.3__ws@8.18.1_zod@3.24.3",
        "langsmith@0.3.20_openai@4.96.0__zod@3.24.3__ws@8.18.1_zod@3.24.3",
        "openai@4.96.0_zod@3.24.3_ws@8.18.1",
        "pg",
        "uuid",
        "zod",
        "zod-to-json-schema"
      ]
    },
    "@langchain/community@0.3.41_@browserbasehq+stagehand@1.14.0__@playwright+test@1.52.0__deepmerge@4.3.1__dotenv@16.5.0__openai@4.96.0___zod@3.24.3___ws@8.18.1__zod@3.24.3__ws@8.18.1_@ibm-cloud+watsonx-ai@1.6.4__@langchain+core@0.3.47___openai@4.96.0____zod@3.24.3____ws@8.18.1___zod@3.24.3__openai@4.96.0___zod@3.24.3___ws@8.18.1_@langchain+core@0.3.47__openai@4.96.0___zod@3.24.3___ws@8.18.1__zod@3.24.3_ibm-cloud-sdk-core@5.3.2__axios@1.8.4_openai@4.96.0__zod@3.24.3__ws@8.18.1_pg@8.15.5_zod@3.24.3_mongodb@6.16.0": {
      "integrity": "sha512-i/DQ4bkKW+0W+zFy8ZrH7gRiag3KZuZU15pFXYom7wdZ8zcHJZZh2wi43hiBEWt8asx8Osyx4EhYO5SNp9ewkg==",
      "dependencies": [
        "@browserbasehq/stagehand",
        "@ibm-cloud/watsonx-ai",
        "@langchain/core@0.3.47_openai@4.96.0__zod@3.24.3__ws@8.18.1_zod@3.24.3",
        "@langchain/openai@0.5.6_@langchain+core@0.3.47__openai@4.96.0___zod@3.24.3___ws@8.18.1__zod@3.24.3_zod@3.24.3_openai@4.96.0__ws@8.18.1__zod@3.24.3",
        "binary-extensions",
        "expr-eval",
        "flat",
        "ibm-cloud-sdk-core",
        "js-yaml",
        "langchain@0.3.24_@langchain+core@0.3.47__openai@4.96.0___zod@3.24.3___ws@8.18.1__zod@3.24.3_openai@4.96.0__zod@3.24.3__ws@8.18.1_zod@3.24.3",
        "langsmith@0.3.20_openai@4.96.0__zod@3.24.3__ws@8.18.1_zod@3.24.3",
        "mongodb",
        "openai@4.96.0_zod@3.24.3_ws@8.18.1",
        "pg",
        "uuid",
        "zod",
        "zod-to-json-schema"
      ]
    },
    "@langchain/core@0.3.47_openai@4.96.0__ws@8.18.1__zod@3.24.3_zod@3.24.3": {
      "integrity": "sha512-G1xk3HnimnbCkrxbhRmdk0swx0fYEuTgBoZsYCpHontLB0NfefomK7YUzC/nSAruGehlpVrl6Ik3guvfYG5OYA==",
      "dependencies": [
        "@cfworker/json-schema",
        "ansi-styles@5.2.0",
        "camelcase",
        "decamelize",
        "js-tiktoken",
        "langsmith@0.3.20_openai@4.96.0__ws@8.18.1__zod@3.24.3_zod@3.24.3",
        "mustache",
        "p-queue",
        "p-retry",
        "uuid",
        "zod",
        "zod-to-json-schema"
      ]
    },
    "@langchain/core@0.3.47_openai@4.96.0__zod@3.24.3__ws@8.18.1_zod@3.24.3": {
      "integrity": "sha512-G1xk3HnimnbCkrxbhRmdk0swx0fYEuTgBoZsYCpHontLB0NfefomK7YUzC/nSAruGehlpVrl6Ik3guvfYG5OYA==",
      "dependencies": [
        "@cfworker/json-schema",
        "ansi-styles@5.2.0",
        "camelcase",
        "decamelize",
        "js-tiktoken",
        "langsmith@0.3.20_openai@4.96.0__zod@3.24.3__ws@8.18.1_zod@3.24.3",
        "mustache",
        "p-queue",
        "p-retry",
        "uuid",
        "zod",
        "zod-to-json-schema"
      ]
    },
    "@langchain/core@0.3.47_zod@3.24.3": {
      "integrity": "sha512-G1xk3HnimnbCkrxbhRmdk0swx0fYEuTgBoZsYCpHontLB0NfefomK7YUzC/nSAruGehlpVrl6Ik3guvfYG5OYA==",
      "dependencies": [
        "@cfworker/json-schema",
        "ansi-styles@5.2.0",
        "camelcase",
        "decamelize",
        "js-tiktoken",
        "langsmith@0.3.20_openai@4.96.0__zod@3.24.3__ws@8.18.1_zod@3.24.3",
        "mustache",
        "p-queue",
        "p-retry",
        "uuid",
        "zod",
        "zod-to-json-schema"
      ]
    },
    "@langchain/openai@0.5.6_@langchain+core@0.3.47__openai@4.96.0___zod@3.24.3___ws@8.18.1__zod@3.24.3_zod@3.24.3_openai@4.96.0__ws@8.18.1__zod@3.24.3": {
      "integrity": "sha512-zN0iyJthPNmcefIBVybZwcTBgcqu/ElJFov42ZntxEncK4heOMAE9lkq9LQ5CaPU/SgrduibrM1oL57+tLUtaA==",
      "dependencies": [
        "@langchain/core@0.3.47_openai@4.96.0__ws@8.18.1__zod@3.24.3_zod@3.24.3",
        "js-tiktoken",
        "openai@4.96.0_ws@8.18.1_zod@3.24.3",
        "zod",
        "zod-to-json-schema"
      ]
    },
    "@langchain/openai@0.5.6_@langchain+core@0.3.47__openai@4.96.0___zod@3.24.3___ws@8.18.1__zod@3.24.3_zod@3.24.3_openai@4.96.0__zod@3.24.3__ws@8.18.1": {
      "integrity": "sha512-zN0iyJthPNmcefIBVybZwcTBgcqu/ElJFov42ZntxEncK4heOMAE9lkq9LQ5CaPU/SgrduibrM1oL57+tLUtaA==",
      "dependencies": [
        "@langchain/core@0.3.47_openai@4.96.0__zod@3.24.3__ws@8.18.1_zod@3.24.3",
        "js-tiktoken",
        "openai@4.96.0_zod@3.24.3_ws@8.18.1",
        "zod",
        "zod-to-json-schema"
      ]
    },
    "@langchain/openai@0.5.6_@langchain+core@0.3.47__zod@3.24.3_zod@3.24.3_openai@4.96.0__ws@8.18.1__zod@3.24.3": {
      "integrity": "sha512-zN0iyJthPNmcefIBVybZwcTBgcqu/ElJFov42ZntxEncK4heOMAE9lkq9LQ5CaPU/SgrduibrM1oL57+tLUtaA==",
      "dependencies": [
        "@langchain/core@0.3.47_openai@4.96.0__ws@8.18.1__zod@3.24.3_zod@3.24.3",
        "js-tiktoken",
        "openai@4.96.0_ws@8.18.1_zod@3.24.3",
        "zod",
        "zod-to-json-schema"
      ]
    },
    "@langchain/textsplitters@0.1.0_@langchain+core@0.3.47__openai@4.96.0___zod@3.24.3___ws@8.18.1__zod@3.24.3_openai@4.96.0__zod@3.24.3__ws@8.18.1": {
      "integrity": "sha512-djI4uw9rlkAb5iMhtLED+xJebDdAG935AdP4eRTB02R7OB/act55Bj9wsskhZsvuyQRpO4O1wQOp85s6T6GWmw==",
      "dependencies": [
        "@langchain/core@0.3.47_openai@4.96.0__zod@3.24.3__ws@8.18.1_zod@3.24.3",
        "js-tiktoken"
      ]
    },
    "@langchain/textsplitters@0.1.0_@langchain+core@0.3.47__zod@3.24.3": {
      "integrity": "sha512-djI4uw9rlkAb5iMhtLED+xJebDdAG935AdP4eRTB02R7OB/act55Bj9wsskhZsvuyQRpO4O1wQOp85s6T6GWmw==",
      "dependencies": [
        "@langchain/core@0.3.47_zod@3.24.3",
        "js-tiktoken"
      ]
    },
    "@mongodb-js/saslprep@1.3.0": {
      "integrity": "sha512-zlayKCsIjYb7/IdfqxorK5+xUMyi4vOKcFy10wKJYc63NSdKI8mNME+uJqfatkPmOSMMUiojrL58IePKBm3gvQ==",
      "dependencies": [
        "sparse-bitfield"
      ]
    },
    "@playwright/test@1.52.0": {
      "integrity": "sha512-uh6W7sb55hl7D6vsAeA+V2p5JnlAqzhqFyF0VcJkKZXkgnFcVG9PziERRHQfPLfNGx1C292a4JqbWzhR8L4R1g==",
      "dependencies": [
        "playwright"
      ]
    },
    "@tokenizer/token@0.3.0": {
      "integrity": "sha512-OvjF+z51L3ov0OyAU0duzsYuvO01PH7x4t6DJx+guahgTnBHkhJdG7soQeTSFLWN3efnHyibZ4Z8l2EuWwJN3A=="
    },
    "@types/debug@4.1.12": {
      "integrity": "sha512-vIChWdVG3LG1SMxEvI/AK+FWJthlrqlTu7fbrlywTkkaONwk/UAGaULXRlf8vkzFBLVm0zkMdCquhL5aOjhXPQ==",
      "dependencies": [
        "@types/ms"
      ]
    },
    "@types/ms@2.1.0": {
      "integrity": "sha512-GsCCIZDE/p3i96vtEqx+7dBUGXrc7zeSK3wwPHIaRThS+9OhWIXRqzs4d6k1SVU8g91DrNRWxWUGhp5KXQb2VA=="
    },
    "@types/node-fetch@2.6.12": {
      "integrity": "sha512-8nneRWKCg3rMtF69nLQJnOYUcbafYeFSjqkw3jCRLsqkWFlHaoQrr5mXmofFGOx3DKn7UfmBMyov8ySvLRVldA==",
      "dependencies": [
        "@types/node@22.12.0",
        "form-data"
      ]
    },
    "@types/node@18.19.86": {
      "integrity": "sha512-fifKayi175wLyKyc5qUfyENhQ1dCNI1UNjp653d8kuYcPQN5JhX3dGuP/XmvPTg/xRBn1VTLpbmi+H/Mr7tLfQ==",
      "dependencies": [
        "undici-types@5.26.5"
      ]
    },
    "@types/node@22.12.0": {
      "integrity": "sha512-Fll2FZ1riMjNmlmJOdAyY5pUbkftXslB5DgEzlIuNaiWhXd00FhWxVC/r4yV/4wBb9JfImTu+jiSvXTkJ7F/gA==",
      "dependencies": [
        "undici-types@6.20.0"
      ]
    },
    "@types/retry@0.12.0": {
      "integrity": "sha512-wWKOClTTiizcZhXnPY4wikVAwmdYHp8q6DmC+EJUzAMsycb7HB32Kh9RN4+0gExjmPmZSAQjgURXIGATPegAvA=="
    },
    "@types/tough-cookie@4.0.5": {
      "integrity": "sha512-/Ad8+nIOV7Rl++6f1BdKxFSMgmoqEoYbHRpPcx3JEfv8VRsQe9Z4mCXeJBzxs7mbHY/XOZZuXlRNfhpVPbs6ZA=="
    },
    "@types/uuid@10.0.0": {
      "integrity": "sha512-7gqG38EyHgyP1S+7+xomFtL+ZNHcKv6DwNaCZmJmo1vgMugyF3TCnXVg4t1uk89mLNwnLtnY3TpOpCOyp1/xHQ=="
    },
    "@types/webidl-conversions@7.0.3": {
      "integrity": "sha512-CiJJvcRtIgzadHCYXw7dqEnMNRjhGZlYK05Mj9OyktqV8uVT8fD2BFOB7S1uwBE3Kj2Z+4UyPmFw/Ixgw/LAlA=="
    },
    "@types/whatwg-url@11.0.5": {
      "integrity": "sha512-coYR071JRaHa+xoEvvYqvnIHaVqaYrLPbsufM9BF63HkwI5Lgmy2QR8Q5K/lYDYo5AK82wOvSOS0UsLTpTG7uQ==",
      "dependencies": [
        "@types/webidl-conversions"
      ]
    },
    "abort-controller@3.0.0": {
      "integrity": "sha512-h8lQ8tacZYnR3vNQTgibj+tODHI5/+l06Au2Pcriv/Gmet0eaj4TwWH41sO9wnHDiQsEj19q0drzdWdeAHtweg==",
      "dependencies": [
        "event-target-shim"
      ]
    },
    "agentkeepalive@4.6.0": {
      "integrity": "sha512-kja8j7PjmncONqaTsB8fQ+wE2mSU2DJ9D4XKoJ5PFWIdRMa6SLSN1ff4mOr4jCbfRSsxR4keIiySJU0N9T5hIQ==",
      "dependencies": [
        "humanize-ms"
      ]
    },
    "ansi-styles@4.3.0": {
      "integrity": "sha512-zbB9rCJAT1rbjiVDb2hqKFHNYLxgtk8NURxZ3IZwD3F6NtxbXZQCnnSi1Lkx+IDohdPlFp222wVALIheZJQSEg==",
      "dependencies": [
        "color-convert"
      ]
    },
    "ansi-styles@5.2.0": {
      "integrity": "sha512-Cxwpt2SfTzTtXcfOlzGEee8O+c+MmUgGrNiBcXnuWxuFJHe6a5Hz7qwhwe5OgaSYI0IJvkLqWX1ASG+cJOkEiA=="
    },
    "argparse@2.0.1": {
      "integrity": "sha512-8+9WqebbFzpX9OR+Wa6O29asIogeRMzcGtAINdpMHHyAg10f05aSFVBbcEqGf/PXw1EjAZ+q2/bEBg3DvurK3Q=="
    },
    "asynckit@0.4.0": {
      "integrity": "sha512-Oei9OH4tRh0YqU3GxhX79dM/mwVgvbZJaSNaRk+bshkj0S5cfHcgYakreBjrHwatXKbz+IoIdYLxrKim2MjW0Q=="
    },
    "axios@1.8.4": {
      "integrity": "sha512-eBSYY4Y68NNlHbHBMdeDmKNtDgXWhQsJcGqzO3iLUM0GraQFSS9cVgPX5I9b3lbdFKyYoAEGAZF1DwhTaljNAw==",
      "dependencies": [
        "follow-redirects",
        "form-data",
        "proxy-from-env"
      ]
    },
    "base64-js@1.5.1": {
      "integrity": "sha512-AKpaYlHn8t4SVbOHCy+b5+KKgvR4vrsD8vbvrbiQJps7fKDTkjkDry6ji0rUJjC0kzbNePLwzxq8iypo41qeWA=="
    },
    "binary-extensions@2.3.0": {
      "integrity": "sha512-Ceh+7ox5qe7LJuLHoY0feh3pHuUDHAcRUeyL2VYghZwfpkNIy/+8Ocg0a3UuSoYzavmylwuLWQOf3hl0jjMMIw=="
    },
    "bson@6.10.4": {
      "integrity": "sha512-WIsKqkSC0ABoBJuT1LEX+2HEvNmNKKgnTAyd0fL8qzK4SH2i9NXg+t08YtdZp/V9IZ33cxe3iV4yM0qg8lMQng=="
    },
    "buffer-equal-constant-time@1.0.1": {
      "integrity": "sha512-zRpUiDwd/xk6ADqPMATG8vc9VPrkck7T07OIx0gnjmJAnHnTVXNQG3vfvWNuiZIkwu9KrKdA1iJKfsfTVxE6NA=="
    },
    "buffer@6.0.3": {
      "integrity": "sha512-FTiCpNxtwiZZHEZbcbTIcZjERVICn9yq/pDFkTl95/AxzD1naBctN7YO68riM/gLSDY7sdrMby8hofADYuuqOA==",
      "dependencies": [
        "base64-js",
        "ieee754"
      ]
    },
    "camelcase@6.3.0": {
      "integrity": "sha512-Gmy6FhYlCY7uOElZUSbxo2UCDH8owEk996gkbrpsgGtrJLM3J7jGxl9Ic7Qwwj4ivOE5AWZWRMecDdF7hqGjFA=="
    },
    "chalk@4.1.2": {
      "integrity": "sha512-oKnbhFyRIXpUuez8iBMmyEa4nbj4IOQyuhc/wy9kY7/WVPcwIO9VA668Pu8RkO7+0G76SLROeyw9CpQ061i4mA==",
      "dependencies": [
        "ansi-styles@4.3.0",
        "supports-color"
      ]
    },
    "color-convert@2.0.1": {
      "integrity": "sha512-RRECPsj7iu/xb5oKYcsFHSppFNnsj/52OVTRKb4zP5onXwVF3zVmmToNcOfGC+CRDpfK/U584fMg38ZHCaElKQ==",
      "dependencies": [
        "color-name"
      ]
    },
    "color-name@1.1.4": {
      "integrity": "sha512-dOy+3AuW3a2wNbZHIuMZpTcgjGuLU/uBL/ubcZF9OXbDo8ff4O8yVp5Bf0efS8uEoYo5q4Fx7dY9OgQGXgAsQA=="
    },
    "combined-stream@1.0.8": {
      "integrity": "sha512-FQN4MRfuJeHf7cBbBMJFXhKSDq+2kAArBlmRBvcvFE5BB1HZKXtSFASDhdlz9zOYwxh8lDdnvmMOe/+5cdoEdg==",
      "dependencies": [
        "delayed-stream"
      ]
    },
    "console-table-printer@2.12.1": {
      "integrity": "sha512-wKGOQRRvdnd89pCeH96e2Fn4wkbenSP6LMHfjfyNLMbGuHEFbMqQNuxXqd0oXG9caIOQ1FTvc5Uijp9/4jujnQ==",
      "dependencies": [
        "simple-wcswidth"
      ]
    },
    "debug@4.4.0": {
      "integrity": "sha512-6WTZ/IxCY/T6BALoZHaE4ctp9xm+Z5kY/pzYaCHRFeyVhojxlrm+46y68HA6hr0TcwEssoxNiDEUJQjfPZ/RYA==",
      "dependencies": [
        "ms"
      ]
    },
    "decamelize@1.2.0": {
      "integrity": "sha512-z2S+W9X73hAUUki+N+9Za2lBlun89zigOyGrsax+KUQ6wKW4ZoWpEYBkGhQjwAjjDCkWxhY0VKEhk8wzY7F5cA=="
    },
    "deepmerge@4.3.1": {
      "integrity": "sha512-3sUqbMEc77XqpdNO7FRyRog+eW3ph+GYCbj+rK+uYyRMuwsVy0rMiVtPn+QJlKFvWP/1PYpapqYn0Me2knFn+A=="
    },
    "delayed-stream@1.0.0": {
      "integrity": "sha512-ZySD7Nf91aLB0RxL4KGrKHBXl7Eds1DAmEdcoVawXnLD7SDhpNgtuII2aAkg7a7QS41jxPSZ17p4VdGnMHk3MQ=="
    },
    "dotenv@16.5.0": {
      "integrity": "sha512-m/C+AwOAr9/W1UOIZUo232ejMNnJAJtYQjUbHoNTBNTJSvqzzDh7vnrei3o3r3m9blf6ZoDkvcw0VmozNRFJxg=="
    },
    "ecdsa-sig-formatter@1.0.11": {
      "integrity": "sha512-nagl3RYrbNv6kQkeJIpt6NJZy8twLB/2vtz6yN9Z4vRKHN4/QZJIEbqohALSgwKdnksuY3k5Addp5lg8sVoVcQ==",
      "dependencies": [
        "safe-buffer"
      ]
    },
    "event-target-shim@5.0.1": {
      "integrity": "sha512-i/2XbnSz/uxRCU6+NdVJgKWDTM427+MqYbkQzD321DuCQJUqOuJKIA0IM2+W2xtYHdKOmZ4dR6fExsd4SXL+WQ=="
    },
    "eventemitter3@4.0.7": {
      "integrity": "sha512-8guHBZCwKnFhYdHr2ysuRWErTwhoN2X8XELRlrRwpmfeY2jjuUN4taQMsULKUVo1K4DvZl+0pgfyoysHxvmvEw=="
    },
    "events@3.3.0": {
      "integrity": "sha512-mQw+2fkQbALzQ7V0MY0IqdnXNOeTtP4r0lN9z7AAawCXgqea7bDii20AYrIBrFd/Hx0M2Ocz6S111CaFkUcb0Q=="
    },
    "expr-eval@2.0.2": {
      "integrity": "sha512-4EMSHGOPSwAfBiibw3ndnP0AvjDWLsMvGOvWEZ2F96IGk0bIVdjQisOHxReSkE13mHcfbuCiXw+G4y0zv6N8Eg=="
    },
    "extend@3.0.2": {
      "integrity": "sha512-fjquC59cD7CyW6urNXK0FBufkZcoiGG80wTuPujX590cB5Ttln20E2UB4S/WARVqhXffZl2LNgS+gQdPIIim/g=="
    },
    "file-type@16.5.4": {
      "integrity": "sha512-/yFHK0aGjFEgDJjEKP0pWCplsPFPhwyfwevf/pVxiN0tmE4L9LmwWxWukdJSHdoCli4VgQLehjJtwQBnqmsKcw==",
      "dependencies": [
        "readable-web-to-node-stream",
        "strtok3",
        "token-types"
      ]
    },
    "flat@5.0.2": {
      "integrity": "sha512-b6suED+5/3rTpUBdG1gupIl8MPFCAMA0QXwmljLhvCUKcUvdE4gWky9zpuGCcXHOsz4J9wPGNWq6OKpmIzz3hQ=="
    },
    "follow-redirects@1.15.9": {
      "integrity": "sha512-gew4GsXizNgdoRyqmyfMHyAmXsZDk6mHkSxZFCzW9gwlbtOW44CDtYavM+y+72qD/Vq2l550kMF52DT8fOLJqQ=="
    },
    "form-data-encoder@1.7.2": {
      "integrity": "sha512-qfqtYan3rxrnCk1VYaA4H+Ms9xdpPqvLZa6xmMgFvhO32x7/3J/ExcTd6qpxM0vH2GdMI+poehyBZvqfMTto8A=="
    },
    "form-data@4.0.0": {
      "integrity": "sha512-ETEklSGi5t0QMZuiXoA/Q6vcnxcLQP5vdugSpuAyi6SVGi2clPPp+xgEhuMaHC+zGgn31Kd235W35f7Hykkaww==",
      "dependencies": [
        "asynckit",
        "combined-stream",
        "mime-types"
      ]
    },
    "formdata-node@4.4.1": {
      "integrity": "sha512-0iirZp3uVDjVGt9p49aTaqjk84TrglENEDuqfdlZQ1roC9CWlPk6Avf8EEnZNcAqPonwkG35x4n3ww/1THYAeQ==",
      "dependencies": [
        "node-domexception",
        "web-streams-polyfill"
      ]
    },
    "fsevents@2.3.2": {
      "integrity": "sha512-xiqMQR4xAeHTuB9uWm+fFRcIOgKBMiOBP+eXiyT7jsgVCq1bkVygt00oASowB7EdtpOHaaPgKt812P9ab+DDKA=="
    },
    "has-flag@4.0.0": {
      "integrity": "sha512-EykJT/Q1KjTWctppgIAgfSO0tKVuZUjhgMr17kqTumMl6Afv3EISleU7qZUzoXDFTAHTDC4NOoG/ZxU3EvlMPQ=="
    },
    "humanize-ms@1.2.1": {
      "integrity": "sha512-Fl70vYtsAFb/C06PTS9dZBo7ihau+Tu/DNCk/OyHhea07S+aeMWpFFkUaXRa8fI+ScZbEI8dfSxwY7gxZ9SAVQ==",
      "dependencies": [
        "ms"
      ]
    },
    "ibm-cloud-sdk-core@5.3.2_axios@1.8.4": {
      "integrity": "sha512-YhtS+7hGNO61h/4jNShHxbbuJ1TnDqiFKQzfEaqePnonOvv8NnxWxOk92FlKKCCzZNOT34Gnd7WCLVJTntwEFQ==",
      "dependencies": [
        "@types/debug",
        "@types/node@18.19.86",
        "@types/tough-cookie",
        "axios",
        "camelcase",
        "debug",
        "dotenv",
        "extend",
        "file-type",
        "form-data",
        "isstream",
        "jsonwebtoken",
        "mime-types",
        "retry-axios",
        "tough-cookie"
      ]
    },
    "ieee754@1.2.1": {
      "integrity": "sha512-dcyqhDvX1C46lXZcVqCpK+FtMRQVdIMN6/Df5js2zouUsqG7I6sFxitIC+7KYK29KdXOLHdu9zL4sFnoVQnqaA=="
    },
    "isstream@0.1.2": {
      "integrity": "sha512-Yljz7ffyPbrLpLngrMtZ7NduUgVvi6wG9RJ9IUcyCd59YQ911PBJphODUcbOVbqYfxe1wuYf/LJ8PauMRwsM/g=="
    },
    "js-tiktoken@1.0.20": {
      "integrity": "sha512-Xlaqhhs8VfCd6Sh7a1cFkZHQbYTLCwVJJWiHVxBYzLPxW0XsoxBy1hitmjkdIjD3Aon5BXLHFwU5O8WUx6HH+A==",
      "dependencies": [
        "base64-js"
      ]
    },
    "js-yaml@4.1.0": {
      "integrity": "sha512-wpxZs9NoxZaJESJGIZTyDEaYpl0FKSA+FB9aJiyemKhMwkxQg63h4T1KJgUGHpTqPDNRcmmYLugrRjJlBtWvRA==",
      "dependencies": [
        "argparse"
      ]
    },
    "jsonpointer@5.0.1": {
      "integrity": "sha512-p/nXbhSEcu3pZRdkW1OfJhpsVtW1gd4Wa1fnQc9YLiTfAjn0312eMKimbdIQzuZl9aa9xUGaRlP9T/CJE/ditQ=="
    },
    "jsonwebtoken@9.0.2": {
      "integrity": "sha512-PRp66vJ865SSqOlgqS8hujT5U4AOgMfhrwYIuIhfKaoSCZcirrmASQr8CX7cUg+RMih+hgznrjp99o+W4pJLHQ==",
      "dependencies": [
        "jws",
        "lodash.includes",
        "lodash.isboolean",
        "lodash.isinteger",
        "lodash.isnumber",
        "lodash.isplainobject",
        "lodash.isstring",
        "lodash.once",
        "ms",
        "semver"
      ]
    },
    "jwa@1.4.1": {
      "integrity": "sha512-qiLX/xhEEFKUAJ6FiBMbes3w9ATzyk5W7Hvzpa/SLYdxNtng+gcurvrI7TbACjIXlsJyr05/S1oUhZrc63evQA==",
      "dependencies": [
        "buffer-equal-constant-time",
        "ecdsa-sig-formatter",
        "safe-buffer"
      ]
    },
    "jws@3.2.2": {
      "integrity": "sha512-YHlZCB6lMTllWDtSPHz/ZXTsi8S00usEV6v1tjq8tOUZzw7DpSDWVXjXDre6ed1w/pd495ODpHZYSdkRTsa0HA==",
      "dependencies": [
        "jwa",
        "safe-buffer"
      ]
    },
    "langchain@0.3.24_@langchain+core@0.3.47__openai@4.96.0___zod@3.24.3___ws@8.18.1__zod@3.24.3_openai@4.96.0__zod@3.24.3__ws@8.18.1_zod@3.24.3": {
      "integrity": "sha512-BTjiYkUCpWFAmufK8J5zMqc5aUs4eEnAXPWtPe2+R4ZPP+U7bXJSBHAcrB40rQ3VeTdRgMvgDjekOOgCMWut6Q==",
      "dependencies": [
        "@langchain/core@0.3.47_openai@4.96.0__zod@3.24.3__ws@8.18.1_zod@3.24.3",
        "@langchain/openai@0.5.6_@langchain+core@0.3.47__openai@4.96.0___zod@3.24.3___ws@8.18.1__zod@3.24.3_zod@3.24.3_openai@4.96.0__ws@8.18.1__zod@3.24.3",
        "@langchain/textsplitters@0.1.0_@langchain+core@0.3.47__openai@4.96.0___zod@3.24.3___ws@8.18.1__zod@3.24.3_openai@4.96.0__zod@3.24.3__ws@8.18.1",
        "js-tiktoken",
        "js-yaml",
        "jsonpointer",
        "langsmith@0.3.20_openai@4.96.0__zod@3.24.3__ws@8.18.1_zod@3.24.3",
        "openapi-types",
        "p-retry",
        "uuid",
        "yaml",
        "zod",
        "zod-to-json-schema"
      ]
    },
    "langchain@0.3.24_@langchain+core@0.3.47__zod@3.24.3_zod@3.24.3": {
      "integrity": "sha512-BTjiYkUCpWFAmufK8J5zMqc5aUs4eEnAXPWtPe2+R4ZPP+U7bXJSBHAcrB40rQ3VeTdRgMvgDjekOOgCMWut6Q==",
      "dependencies": [
        "@langchain/core@0.3.47_zod@3.24.3",
        "@langchain/openai@0.5.6_@langchain+core@0.3.47__zod@3.24.3_zod@3.24.3_openai@4.96.0__ws@8.18.1__zod@3.24.3",
        "@langchain/textsplitters@0.1.0_@langchain+core@0.3.47__zod@3.24.3",
        "js-tiktoken",
        "js-yaml",
        "jsonpointer",
        "langsmith@0.3.20_openai@4.96.0__zod@3.24.3__ws@8.18.1_zod@3.24.3",
        "openapi-types",
        "p-retry",
        "uuid",
        "yaml",
        "zod",
        "zod-to-json-schema"
      ]
    },
    "langsmith@0.3.20_openai@4.96.0__ws@8.18.1__zod@3.24.3_zod@3.24.3": {
      "integrity": "sha512-zwVQos6tjcksCTfdM67QKq7yyED4GmQiZw/sJ6UCMYZxlvTMMg3PeQ9tOePXAWNWoJygOnH+EwGXr7gYOOETDg==",
      "dependencies": [
        "@types/uuid",
        "chalk",
        "console-table-printer",
        "openai@4.96.0_ws@8.18.1_zod@3.24.3",
        "p-queue",
        "p-retry",
        "semver",
        "uuid"
      ]
    },
    "langsmith@0.3.20_openai@4.96.0__zod@3.24.3__ws@8.18.1_zod@3.24.3": {
      "integrity": "sha512-zwVQos6tjcksCTfdM67QKq7yyED4GmQiZw/sJ6UCMYZxlvTMMg3PeQ9tOePXAWNWoJygOnH+EwGXr7gYOOETDg==",
      "dependencies": [
        "@types/uuid",
        "chalk",
        "console-table-printer",
        "openai@4.96.0_zod@3.24.3_ws@8.18.1",
        "p-queue",
        "p-retry",
        "semver",
        "uuid"
      ]
    },
    "lodash.includes@4.3.0": {
      "integrity": "sha512-W3Bx6mdkRTGtlJISOvVD/lbqjTlPPUDTMnlXZFnVwi9NKJ6tiAk6LVdlhZMm17VZisqhKcgzpO5Wz91PCt5b0w=="
    },
    "lodash.isboolean@3.0.3": {
      "integrity": "sha512-Bz5mupy2SVbPHURB98VAcw+aHh4vRV5IPNhILUCsOzRmsTmSQ17jIuqopAentWoehktxGd9e/hbIXq980/1QJg=="
    },
    "lodash.isinteger@4.0.4": {
      "integrity": "sha512-DBwtEWN2caHQ9/imiNeEA5ys1JoRtRfY3d7V9wkqtbycnAmTvRRmbHKDV4a0EYc678/dia0jrte4tjYwVBaZUA=="
    },
    "lodash.isnumber@3.0.3": {
      "integrity": "sha512-QYqzpfwO3/CWf3XP+Z+tkQsfaLL/EnUlXWVkIk5FUPc4sBdTehEqZONuyRt2P67PXAk+NXmTBcc97zw9t1FQrw=="
    },
    "lodash.isplainobject@4.0.6": {
      "integrity": "sha512-oSXzaWypCMHkPC3NvBEaPHf0KsA5mvPrOPgQWDsbg8n7orZ290M0BmC/jgRZ4vcJ6DTAhjrsSYgdsW/F+MFOBA=="
    },
    "lodash.isstring@4.0.1": {
      "integrity": "sha512-0wJxfxH1wgO3GrbuP+dTTk7op+6L41QCXbGINEmD+ny/G/eCqGzxyCsh7159S+mgDDcoarnBw6PC1PS5+wUGgw=="
    },
    "lodash.once@4.1.1": {
      "integrity": "sha512-Sb487aTOCr9drQVL8pIxOzVhafOjZN9UU54hiN8PU3uAiSV7lx1yYNpbNmex2PK6dSJoNTSJUUswT651yww3Mg=="
    },
    "memory-pager@1.5.0": {
      "integrity": "sha512-ZS4Bp4r/Zoeq6+NLJpP+0Zzm0pR8whtGPf1XExKLJBAczGMnSi3It14OiNCStjQjM6NU1okjQGSxgEZN8eBYKg=="
    },
    "mime-db@1.52.0": {
      "integrity": "sha512-sPU4uV7dYlvtWJxwwxHD0PuihVNiE7TyAbQ5SWxDCB9mUYvOgroQOwYQQOKPJ8CIbE+1ETVlOoK1UC2nU3gYvg=="
    },
    "mime-types@2.1.35": {
      "integrity": "sha512-ZDY+bPm5zTTF+YpCrAU9nK0UgICYPT0QtT1NZWFv4s++TNkcgVaT0g6+4R2uI4MjQjzysHB1zxuWL50hzaeXiw==",
      "dependencies": [
        "mime-db"
      ]
    },
    "mongodb-connection-string-url@3.0.2": {
      "integrity": "sha512-rMO7CGo/9BFwyZABcKAWL8UJwH/Kc2x0g72uhDWzG48URRax5TCIcJ7Rc3RZqffZzO/Gwff/jyKwCU9TN8gehA==",
      "dependencies": [
        "@types/whatwg-url",
        "whatwg-url@14.2.0"
      ]
    },
    "mongodb@6.16.0": {
      "integrity": "sha512-D1PNcdT0y4Grhou5Zi/qgipZOYeWrhLEpk33n3nm6LGtz61jvO88WlrWCK/bigMjpnOdAUKKQwsGIl0NtWMyYw==",
      "dependencies": [
        "@mongodb-js/saslprep",
        "bson",
        "mongodb-connection-string-url"
      ]
    },
    "ms@2.1.3": {
      "integrity": "sha512-6FlzubTLZG3J2a/NVCAleEhjzq5oxgHyaCU9yYXvcLsvoVaHJq/s5xXI6/XXP6tz7R9xAOtHnSO/tXtF3WRTlA=="
    },
    "mustache@4.2.0": {
      "integrity": "sha512-71ippSywq5Yb7/tVYyGbkBggbU8H3u5Rz56fH60jGFgr8uHwxs+aSKeqmluIVzM0m0kB7xQjKS6qPfd0b2ZoqQ=="
    },
    "node-domexception@1.0.0": {
      "integrity": "sha512-/jKZoMpw0F8GRwl4/eLROPA3cfcXtLApP0QzLmUT/HuPCZWyB7IY9ZrMeKw2O/nFIqPQB3PVM9aYm0F312AXDQ=="
    },
    "node-fetch@2.7.0": {
      "integrity": "sha512-c4FRfUm/dbcWZ7U+1Wq0AwCyFL+3nt2bEw05wfxSz+DWpWsitgmSgYmy2dQdWyKC1694ELPqMs/YzUSNozLt8A==",
      "dependencies": [
        "whatwg-url@5.0.0"
      ]
    },
    "openai@4.96.0_ws@8.18.1_zod@3.24.3": {
      "integrity": "sha512-dKoW56i02Prv2XQolJ9Rl9Svqubqkzg3QpwEOBuSVZLk05Shelu7s+ErRTwFc1Bs3JZ2qBqBfVpXQiJhwOGG8A==",
      "dependencies": [
        "@types/node-fetch",
        "@types/node@18.19.86",
        "abort-controller",
        "agentkeepalive",
        "form-data-encoder",
        "formdata-node",
        "node-fetch",
        "ws",
        "zod"
      ]
    },
    "openai@4.96.0_zod@3.24.3_ws@8.18.1": {
      "integrity": "sha512-dKoW56i02Prv2XQolJ9Rl9Svqubqkzg3QpwEOBuSVZLk05Shelu7s+ErRTwFc1Bs3JZ2qBqBfVpXQiJhwOGG8A==",
      "dependencies": [
        "@types/node-fetch",
        "@types/node@18.19.86",
        "abort-controller",
        "agentkeepalive",
        "form-data-encoder",
        "formdata-node",
        "node-fetch",
        "ws",
        "zod"
      ]
    },
    "openapi-types@12.1.3": {
      "integrity": "sha512-N4YtSYJqghVu4iek2ZUvcN/0aqH1kRDuNqzcycDxhOUpg7GdvLa2F3DgS6yBNhInhv2r/6I0Flkn7CqL8+nIcw=="
    },
    "p-finally@1.0.0": {
      "integrity": "sha512-LICb2p9CB7FS+0eR1oqWnHhp0FljGLZCWBE9aix0Uye9W8LTQPwMTYVGWQWIw9RdQiDg4+epXQODwIYJtSJaow=="
    },
    "p-queue@6.6.2": {
      "integrity": "sha512-RwFpb72c/BhQLEXIZ5K2e+AhgNVmIejGlTgiB9MzZ0e93GRvqZ7uSi0dvRF7/XIXDeNkra2fNHBxTyPDGySpjQ==",
      "dependencies": [
        "eventemitter3",
        "p-timeout"
      ]
    },
    "p-retry@4.6.2": {
      "integrity": "sha512-312Id396EbJdvRONlngUx0NydfrIQ5lsYu0znKVUzVvArzEIt08V1qhtyESbGVd1FGX7UKtiFp5uwKZdM8wIuQ==",
      "dependencies": [
        "@types/retry",
        "retry"
      ]
    },
    "p-timeout@3.2.0": {
      "integrity": "sha512-rhIwUycgwwKcP9yTOOFK/AKsAopjjCakVqLHePO3CC6Mir1Z99xT+R63jZxAT5lFZLa2inS5h+ZS2GvR99/FBg==",
      "dependencies": [
        "p-finally"
      ]
    },
    "peek-readable@4.1.0": {
      "integrity": "sha512-ZI3LnwUv5nOGbQzD9c2iDG6toheuXSZP5esSHBjopsXH4dg19soufvpUGA3uohi5anFtGb2lhAVdHzH6R/Evvg=="
    },
    "pg-cloudflare@1.2.7": {
      "integrity": "sha512-YgCtzMH0ptvZJslLM1ffsY4EuGaU0cx4XSdXLRFae8bPP4dS5xL1tNB3k2o/N64cHJpwU7dxKli/nZ2lUa5fLg=="
    },
    "pg-connection-string@2.9.1": {
      "integrity": "sha512-nkc6NpDcvPVpZXxrreI/FOtX3XemeLl8E0qFr6F2Lrm/I8WOnaWNhIPK2Z7OHpw7gh5XJThi6j6ppgNoaT1w4w=="
    },
    "pg-int8@1.0.1": {
      "integrity": "sha512-WCtabS6t3c8SkpDBUlb1kjOs7l66xsGdKpIPZsg4wR+B3+u9UAum2odSsF9tnvxg80h4ZxLWMy4pRjOsFIqQpw=="
    },
    "pg-pool@3.10.1_pg@8.15.5": {
      "integrity": "sha512-Tu8jMlcX+9d8+QVzKIvM/uJtp07PKr82IUOYEphaWcoBhIYkoHpLXN3qO59nAI11ripznDsEzEv8nUxBVWajGg==",
      "dependencies": [
        "pg"
      ]
    },
    "pg-protocol@1.10.3": {
      "integrity": "sha512-6DIBgBQaTKDJyxnXaLiLR8wBpQQcGWuAESkRBX/t6OwA8YsqP+iVSiond2EDy6Y/dsGk8rh/jtax3js5NeV7JQ=="
    },
    "pg-types@2.2.0": {
      "integrity": "sha512-qTAAlrEsl8s4OiEQY69wDvcMIdQN6wdz5ojQiOy6YRMuynxenON0O5oCpJI6lshc6scgAY8qvJ2On/p+CXY0GA==",
      "dependencies": [
        "pg-int8",
        "postgres-array",
        "postgres-bytea",
        "postgres-date",
        "postgres-interval"
      ]
    },
    "pg@8.15.5": {
      "integrity": "sha512-EpAhHFQc+aH9VfeffWIVC+XXk6lmAhS9W1FxtxcPXs94yxhrI1I6w/zkWfIOII/OkBv3Be04X3xMOj0kQ78l6w==",
      "dependencies": [
        "pg-cloudflare",
        "pg-connection-string",
        "pg-pool",
        "pg-protocol",
        "pg-types",
        "pgpass"
      ]
    },
    "pgpass@1.0.5": {
      "integrity": "sha512-FdW9r/jQZhSeohs1Z3sI1yxFQNFvMcnmfuj4WBMUTxOrAyLMaTcE1aAMBiTlbMNaXvBCQuVi0R7hd8udDSP7ug==",
      "dependencies": [
        "split2"
      ]
    },
    "playwright-core@1.52.0": {
      "integrity": "sha512-l2osTgLXSMeuLZOML9qYODUQoPPnUsKsb5/P6LJ2e6uPKXUdPK5WYhN4z03G+YNbWmGDY4YENauNu4ZKczreHg=="
    },
    "playwright@1.52.0": {
      "integrity": "sha512-JAwMNMBlxJ2oD1kce4KPtMkDeKGHQstdpFPcPH3maElAXon/QZeTvtsfXmTMRyO9TslfoYOXkSsvao2nE1ilTw==",
      "dependencies": [
        "fsevents",
        "playwright-core"
      ]
    },
    "postgres-array@2.0.0": {
      "integrity": "sha512-VpZrUqU5A69eQyW2c5CA1jtLecCsN2U/bD6VilrFDWq5+5UIEVO7nazS3TEcHf1zuPYO/sqGvUvW62g86RXZuA=="
    },
    "postgres-bytea@1.0.0": {
      "integrity": "sha512-xy3pmLuQqRBZBXDULy7KbaitYqLcmxigw14Q5sj8QBVLqEwXfeybIKVWiqAXTlcvdvb0+xkOtDbfQMOf4lST1w=="
    },
    "postgres-date@1.0.7": {
      "integrity": "sha512-suDmjLVQg78nMK2UZ454hAG+OAW+HQPZ6n++TNDUX+L0+uUlLywnoxJKDou51Zm+zTCjrCl0Nq6J9C5hP9vK/Q=="
    },
    "postgres-interval@1.2.0": {
      "integrity": "sha512-9ZhXKM/rw350N1ovuWHbGxnGh/SNJ4cnxHiM0rxE4VN41wsg8P8zWn9hv/buK00RP4WvlOyr/RBDiptyxVbkZQ==",
      "dependencies": [
        "xtend"
      ]
    },
    "process@0.11.10": {
      "integrity": "sha512-cdGef/drWFoydD1JsMzuFf8100nZl+GT+yacc2bEced5f9Rjk4z+WtFUTBu9PhOi9j/jfmBPu0mMEY4wIdAF8A=="
    },
    "proxy-from-env@1.1.0": {
      "integrity": "sha512-D+zkORCbA9f1tdWRK0RaCR3GPv50cMxcrz4X8k5LTSUD1Dkw47mKJEZQNunItRTkWwgtaUSo1RVFRIG9ZXiFYg=="
    },
    "psl@1.15.0": {
      "integrity": "sha512-JZd3gMVBAVQkSs6HdNZo9Sdo0LNcQeMNP3CozBJb3JYC/QUYZTnKxP+f8oWRX4rHP5EurWxqAHTSwUCjlNKa1w==",
      "dependencies": [
        "punycode"
      ]
    },
    "punycode@2.3.1": {
      "integrity": "sha512-vYt7UD1U9Wg6138shLtLOvdAu+8DsC/ilFtEVHcH+wydcSpNE20AfSOduf6MkRFahL5FY7X1oU7nKVZFtfq8Fg=="
    },
    "querystringify@2.2.0": {
      "integrity": "sha512-FIqgj2EUvTa7R50u0rGsyTftzjYmv/a3hO345bZNrqabNqjtgiDMgmo4mkUjd+nzU5oF3dClKqFIPUKybUyqoQ=="
    },
    "readable-stream@4.7.0": {
      "integrity": "sha512-oIGGmcpTLwPga8Bn6/Z75SVaH1z5dUut2ibSyAMVhmUggWpmDn2dapB0n7f8nwaSiRtepAsfJyfXIO5DCVAODg==",
      "dependencies": [
        "abort-controller",
        "buffer",
        "events",
        "process",
        "string_decoder"
      ]
    },
    "readable-web-to-node-stream@3.0.4": {
      "integrity": "sha512-9nX56alTf5bwXQ3ZDipHJhusu9NTQJ/CVPtb/XHAJCXihZeitfJvIRS4GqQ/mfIoOE3IelHMrpayVrosdHBuLw==",
      "dependencies": [
        "readable-stream"
      ]
    },
    "requires-port@1.0.0": {
      "integrity": "sha512-KigOCHcocU3XODJxsu8i/j8T9tzT4adHiecwORRQ0ZZFcp7ahwXuRU1m+yuO90C5ZUyGeGfocHDI14M3L3yDAQ=="
    },
    "retry-axios@2.6.0_axios@1.8.4": {
      "integrity": "sha512-pOLi+Gdll3JekwuFjXO3fTq+L9lzMQGcSq7M5gIjExcl3Gu1hd4XXuf5o3+LuSBsaULQH7DiNbsqPd1chVpQGQ==",
      "dependencies": [
        "axios"
      ]
    },
    "retry@0.13.1": {
      "integrity": "sha512-XQBQ3I8W1Cge0Seh+6gjj03LbmRFWuoszgK9ooCpwYIrhhoO80pfq4cUkU5DkknwfOfFteRwlZ56PYOGYyFWdg=="
    },
    "safe-buffer@5.2.1": {
      "integrity": "sha512-rp3So07KcdmmKbGvgaNxQSJr7bGVSVk5S9Eq1F+ppbRo70+YeaDxkw5Dd8NPN+GD6bjnYm2VuPuCXmpuYvmCXQ=="
    },
    "semver@7.7.1": {
      "integrity": "sha512-hlq8tAfn0m/61p4BVRcPzIGr6LKiMwo4VM6dGi6pt4qcRkmNzTcWq6eCEjEh+qXjkMDvPlOFFSGwQjoEa6gyMA=="
    },
    "simple-wcswidth@1.0.1": {
      "integrity": "sha512-xMO/8eNREtaROt7tJvWJqHBDTMFN4eiQ5I4JRMuilwfnFcV5W9u7RUkueNkdw0jPqGMX36iCywelS5yilTuOxg=="
    },
    "sparse-bitfield@3.0.3": {
      "integrity": "sha512-kvzhi7vqKTfkh0PZU+2D2PIllw2ymqJKujUcyPMd9Y75Nv4nPbGJZXNhxsgdQab2BmlDct1YnfQCguEvHr7VsQ==",
      "dependencies": [
        "memory-pager"
      ]
    },
    "split2@4.2.0": {
      "integrity": "sha512-UcjcJOWknrNkF6PLX83qcHM6KHgVKNkV62Y8a5uYDVv9ydGQVwAHMKqHdJje1VTWpljG0WYpCDhrCdAOYH4TWg=="
    },
    "string_decoder@1.3.0": {
      "integrity": "sha512-hkRX8U1WjJFd8LsDJ2yQ/wWWxaopEsABU1XfkM8A+j0+85JAGppt16cr1Whg6KIbb4okU6Mql6BOj+uup/wKeA==",
      "dependencies": [
        "safe-buffer"
      ]
    },
    "strtok3@6.3.0": {
      "integrity": "sha512-fZtbhtvI9I48xDSywd/somNqgUHl2L2cstmXCCif0itOf96jeW18MBSyrLuNicYQVkvpOxkZtkzujiTJ9LW5Jw==",
      "dependencies": [
        "@tokenizer/token",
        "peek-readable"
      ]
    },
    "supports-color@7.2.0": {
      "integrity": "sha512-qpCAvRl9stuOHveKsn7HncJRvv501qIacKzQlO/+Lwxc9+0q2wLyv4Dfvt80/DPn2pqOBsJdDiogXGR9+OvwRw==",
      "dependencies": [
        "has-flag"
      ]
    },
    "token-types@4.2.1": {
      "integrity": "sha512-6udB24Q737UD/SDsKAHI9FCRP7Bqc9D/MQUV02ORQg5iskjtLJlZJNdN4kKtcdtwCeWIwIHDGaUsTsCCAa8sFQ==",
      "dependencies": [
        "@tokenizer/token",
        "ieee754"
      ]
    },
    "tough-cookie@4.1.4": {
      "integrity": "sha512-Loo5UUvLD9ScZ6jh8beX1T6sO1w2/MpCRpEP7V280GKMVUQ0Jzar2U3UJPsrdbziLEMMhu3Ujnq//rhiFuIeag==",
      "dependencies": [
        "psl",
        "punycode",
        "universalify",
        "url-parse"
      ]
    },
    "tr46@0.0.3": {
      "integrity": "sha512-N3WMsuqV66lT30CrXNbEjx4GEwlow3v6rr4mCcv6prnfwhS01rkgyFdjPNBYd9br7LpXV1+Emh01fHnq2Gdgrw=="
    },
    "tr46@5.1.1": {
      "integrity": "sha512-hdF5ZgjTqgAntKkklYw0R03MG2x/bSzTtkxmIRw/sTNV8YXsCJ1tfLAX23lhxhHJlEf3CRCOCGGWw3vI3GaSPw==",
      "dependencies": [
        "punycode"
      ]
    },
    "undici-types@5.26.5": {
      "integrity": "sha512-JlCMO+ehdEIKqlFxk6IfVoAUVmgz7cU7zD/h9XZ0qzeosSHmUJVOzSQvvYSYWXkFXC+IfLKSIffhv0sVZup6pA=="
    },
    "undici-types@6.20.0": {
      "integrity": "sha512-Ny6QZ2Nju20vw1SRHe3d9jVu6gJ+4e3+MMpqu7pqE5HT6WsTSlce++GQmK5UXS8mzV8DSYHrQH+Xrf2jVcuKNg=="
    },
    "universalify@0.2.0": {
      "integrity": "sha512-CJ1QgKmNg3CwvAv/kOFmtnEN05f0D/cn9QntgNOQlQF9dgvVTHj3t+8JPdjqawCHk7V/KA+fbUqzZ9XWhcqPUg=="
    },
    "url-parse@1.5.10": {
      "integrity": "sha512-WypcfiRhfeUP9vvF0j6rw0J3hrWrw6iZv3+22h6iRMJ/8z1Tj6XfLP4DsUix5MhMPnXpiHDoKyoZ/bdCkwBCiQ==",
      "dependencies": [
        "querystringify",
        "requires-port"
      ]
    },
    "uuid@10.0.0": {
      "integrity": "sha512-8XkAphELsDnEGrDxUOHB3RGvXz6TeuYSGEZBOjtTtPm2lwhGBjLgOzLHB63IUWfBpNucQjND6d3AOudO+H3RWQ=="
    },
    "web-streams-polyfill@4.0.0-beta.3": {
      "integrity": "sha512-QW95TCTaHmsYfHDybGMwO5IJIM93I/6vTRk+daHTWFPhwh+C8Cg7j7XyKrwrj8Ib6vYXe0ocYNrmzY4xAAN6ug=="
    },
    "webidl-conversions@3.0.1": {
      "integrity": "sha512-2JAn3z8AR6rjK8Sm8orRC0h/bcl/DqL7tRPdGZ4I1CjdF+EaMLmYxBHyXuKL849eucPFhvBoxMsflfOb8kxaeQ=="
    },
    "webidl-conversions@7.0.0": {
      "integrity": "sha512-VwddBukDzu71offAQR975unBIGqfKZpM+8ZX6ySk8nYhVoo5CYaZyzt3YBvYtRtO+aoGlqxPg/B87NGVZ/fu6g=="
    },
    "whatwg-url@14.2.0": {
      "integrity": "sha512-De72GdQZzNTUBBChsXueQUnPKDkg/5A5zp7pFDuQAj5UFoENpiACU0wlCvzpAGnTkj++ihpKwKyYewn/XNUbKw==",
      "dependencies": [
        "tr46@5.1.1",
        "webidl-conversions@7.0.0"
      ]
    },
    "whatwg-url@5.0.0": {
      "integrity": "sha512-saE57nupxk6v3HY35+jzBwYa0rKSy0XR8JSxZPwgLr7ys0IBzhGviA1/TUGJLmSVqs8pb9AnvICXEuOHLprYTw==",
      "dependencies": [
        "tr46@0.0.3",
        "webidl-conversions@3.0.1"
      ]
    },
    "ws@8.18.1": {
      "integrity": "sha512-RKW2aJZMXeMxVpnZ6bck+RswznaxmzdULiBr6KY7XkTnW8uvt0iT9H5DkHUChXrc+uurzwa0rVI16n/Xzjdz1w=="
    },
    "xtend@4.0.2": {
      "integrity": "sha512-LKYU1iAXJXUgAXn9URjiu+MWhyUXHsvfp7mcuYm9dSUKK0/CjtrUwFAxD82/mCWbtLsGjFIad0wIsod4zrTAEQ=="
    },
    "yaml@2.7.1": {
      "integrity": "sha512-10ULxpnOCQXxJvBgxsn9ptjq6uviG/htZKk9veJGhlqn3w/DxQ631zFF+nlQXLwmImeS5amR2dl2U8sg6U9jsQ=="
    },
    "zod-to-json-schema@3.24.5_zod@3.24.3": {
      "integrity": "sha512-/AuWwMP+YqiPbsJx5D6TfgRTc4kTLjsh5SOcd4bLsfUg2RcEXrFMJl1DGgdHy2aCfsIA/cr/1JM0xcB2GZji8g==",
      "dependencies": [
        "zod"
      ]
    },
    "zod@3.24.3": {
      "integrity": "sha512-HhY1oqzWCQWuUqvBFnsyrtZRhyPeR7SUGv+C4+MsisMuVfSPx8HpwWqH8tRahSlt6M3PiFAcoeFhZAqIXTxoSg=="
    }
  },
  "remote": {
    "https://deno.land/std@0.220.0/dotenv/mod.ts": "0180eaeedaaf88647318811cdaa418cc64dc51fb08354f91f5f480d0a1309f7d",
    "https://deno.land/std@0.220.0/dotenv/parse.ts": "09977ff88dfd1f24f9973a338f0f91bbdb9307eb5ff6085446e7c423e4c7ba0c",
    "https://deno.land/std@0.220.0/dotenv/stringify.ts": "0047ad7068289735d08964046aea267a750c141b494ca0e38831b89be6c020c2"
  },
  "workspace": {
    "dependencies": [
      "npm:@langchain/community@*",
      "npm:@langchain/core@*",
      "npm:@langchain/deepseek@*",
      "npm:@langchain/ollama@*",
      "npm:@langchain/openai@*",
      "npm:cheerio@*",
      "npm:ignore@*",
      "npm:langchain@*",
      "npm:mammoth@*",
      "npm:mongodb@*",
      "npm:officeparser@*",
      "npm:openai@*",
      "npm:pdf-parse@*",
      "npm:pg@*",
      "npm:zod-to-json-schema@*",
      "npm:zod@*"
    ]
  }
}
